// !$*UTF8*$!
{
	archiveVersion = 1;
	classes = {
	};
	objectVersion = 48;
	objects = {

/* Begin PBXBuildFile section */
		A4058F99200F329E009237A9 /* AppDelegate.swift in Sources */ = {isa = PBXBuildFile; fileRef = A4058F98200F329E009237A9 /* AppDelegate.swift */; };
		A4058F9B200F329E009237A9 /* ViewController.swift in Sources */ = {isa = PBXBuildFile; fileRef = A4058F9A200F329E009237A9 /* ViewController.swift */; };
		A4058F9E200F329E009237A9 /* Main.storyboard in Resources */ = {isa = PBXBuildFile; fileRef = A4058F9C200F329E009237A9 /* Main.storyboard */; };
		A4058FA0200F329E009237A9 /* Assets.xcassets in Resources */ = {isa = PBXBuildFile; fileRef = A4058F9F200F329E009237A9 /* Assets.xcassets */; };
		A4058FA3200F329E009237A9 /* LaunchScreen.storyboard in Resources */ = {isa = PBXBuildFile; fileRef = A4058FA1200F329E009237A9 /* LaunchScreen.storyboard */; };
		A4058FAB200F7851009237A9 /* CustomTableViewCell.swift in Sources */ = {isa = PBXBuildFile; fileRef = A4058FAA200F7851009237A9 /* CustomTableViewCell.swift */; };
		A4058FAD20107B07009237A9 /* Movie.swift in Sources */ = {isa = PBXBuildFile; fileRef = A4058FAC20107B07009237A9 /* Movie.swift */; };
		A4058FAF2011E910009237A9 /* SearchViewController.swift in Sources */ = {isa = PBXBuildFile; fileRef = A4058FAE2011E910009237A9 /* SearchViewController.swift */; };
		A46F7DA82015F7AE00F3BF40 /* HTTPHandler.swift in Sources */ = {isa = PBXBuildFile; fileRef = A46F7DA72015F7AE00F3BF40 /* HTTPHandler.swift */; };
		A46F7DAA2016094100F3BF40 /* JSONParser.swift in Sources */ = {isa = PBXBuildFile; fileRef = A46F7DA92016094100F3BF40 /* JSONParser.swift */; };
		A46F7DAC20160EC300F3BF40 /* MovieDataProcessor.swift in Sources */ = {isa = PBXBuildFile; fileRef = A46F7DAB20160EC300F3BF40 /* MovieDataProcessor.swift */; };
/* End PBXBuildFile section */

/* Begin PBXFileReference section */
		A4058F95200F329E009237A9 /* favorite-movie-app.app */ = {isa = PBXFileReference; explicitFileType = wrapper.application; includeInIndex = 0; path = "favorite-movie-app.app"; sourceTree = BUILT_PRODUCTS_DIR; };
		A4058F98200F329E009237A9 /* AppDelegate.swift */ = {isa = PBXFileReference; lastKnownFileType = sourcecode.swift; path = AppDelegate.swift; sourceTree = "<group>"; };
		A4058F9A200F329E009237A9 /* ViewController.swift */ = {isa = PBXFileReference; lastKnownFileType = sourcecode.swift; path = ViewController.swift; sourceTree = "<group>"; };
		A4058F9D200F329E009237A9 /* Base */ = {isa = PBXFileReference; lastKnownFileType = file.storyboard; name = Base; path = Base.lproj/Main.storyboard; sourceTree = "<group>"; };
		A4058F9F200F329E009237A9 /* Assets.xcassets */ = {isa = PBXFileReference; lastKnownFileType = folder.assetcatalog; path = Assets.xcassets; sourceTree = "<group>"; };
		A4058FA2200F329E009237A9 /* Base */ = {isa = PBXFileReference; lastKnownFileType = file.storyboard; name = Base; path = Base.lproj/LaunchScreen.storyboard; sourceTree = "<group>"; };
		A4058FA4200F329E009237A9 /* Info.plist */ = {isa = PBXFileReference; lastKnownFileType = text.plist.xml; path = Info.plist; sourceTree = "<group>"; };
		A4058FAA200F7851009237A9 /* CustomTableViewCell.swift */ = {isa = PBXFileReference; lastKnownFileType = sourcecode.swift; path = CustomTableViewCell.swift; sourceTree = "<group>"; };
		A4058FAC20107B07009237A9 /* Movie.swift */ = {isa = PBXFileReference; lastKnownFileType = sourcecode.swift; path = Movie.swift; sourceTree = "<group>"; };
		A4058FAE2011E910009237A9 /* SearchViewController.swift */ = {isa = PBXFileReference; lastKnownFileType = sourcecode.swift; path = SearchViewController.swift; sourceTree = "<group>"; };
		A46F7DA72015F7AE00F3BF40 /* HTTPHandler.swift */ = {isa = PBXFileReference; lastKnownFileType = sourcecode.swift; path = HTTPHandler.swift; sourceTree = "<group>"; };
		A46F7DA92016094100F3BF40 /* JSONParser.swift */ = {isa = PBXFileReference; lastKnownFileType = sourcecode.swift; path = JSONParser.swift; sourceTree = "<group>"; };
		A46F7DAB20160EC300F3BF40 /* MovieDataProcessor.swift */ = {isa = PBXFileReference; lastKnownFileType = sourcecode.swift; path = MovieDataProcessor.swift; sourceTree = "<group>"; };
/* End PBXFileReference section */

/* Begin PBXFrameworksBuildPhase section */
		A4058F92200F329E009237A9 /* Frameworks */ = {
			isa = PBXFrameworksBuildPhase;
			buildActionMask = 2147483647;
			files = (
			);
			runOnlyForDeploymentPostprocessing = 0;
		};
/* End PBXFrameworksBuildPhase section */

/* Begin PBXGroup section */
		A4058F8C200F329D009237A9 = {
			isa = PBXGroup;
			children = (
				A4058F97200F329E009237A9 /* favorite-movie-app */,
				A4058F96200F329E009237A9 /* Products */,
			);
			sourceTree = "<group>";
		};
		A4058F96200F329E009237A9 /* Products */ = {
			isa = PBXGroup;
			children = (
				A4058F95200F329E009237A9 /* favorite-movie-app.app */,
			);
			name = Products;
			sourceTree = "<group>";
		};
		A4058F97200F329E009237A9 /* favorite-movie-app */ = {
			isa = PBXGroup;
			children = (
				A4058F98200F329E009237A9 /* AppDelegate.swift */,
				A4058F9A200F329E009237A9 /* ViewController.swift */,
				A4058F9C200F329E009237A9 /* Main.storyboard */,
				A4058F9F200F329E009237A9 /* Assets.xcassets */,
				A4058FA1200F329E009237A9 /* LaunchScreen.storyboard */,
				A4058FA4200F329E009237A9 /* Info.plist */,
				A4058FAA200F7851009237A9 /* CustomTableViewCell.swift */,
				A4058FAC20107B07009237A9 /* Movie.swift */,
				A4058FAE2011E910009237A9 /* SearchViewController.swift */,
				A46F7DA72015F7AE00F3BF40 /* HTTPHandler.swift */,
				A46F7DA92016094100F3BF40 /* JSONParser.swift */,
				A46F7DAB20160EC300F3BF40 /* MovieDataProcessor.swift */,
			);
			path = "favorite-movie-app";
			sourceTree = "<group>";
		};
/* End PBXGroup section */

/* Begin PBXNativeTarget section */
		A4058F94200F329E009237A9 /* favorite-movie-app */ = {
			isa = PBXNativeTarget;
			buildConfigurationList = A4058FA7200F329E009237A9 /* Build configuration list for PBXNativeTarget "favorite-movie-app" */;
			buildPhases = (
				A4058F91200F329E009237A9 /* Sources */,
				A4058F92200F329E009237A9 /* Frameworks */,
				A4058F93200F329E009237A9 /* Resources */,
			);
			buildRules = (
			);
			dependencies = (
			);
			name = "favorite-movie-app";
			productName = "favorite-movie-app";
			productReference = A4058F95200F329E009237A9 /* favorite-movie-app.app */;
			productType = "com.apple.product-type.application";
		};
/* End PBXNativeTarget section */

/* Begin PBXProject section */
		A4058F8D200F329D009237A9 /* Project object */ = {
			isa = PBXProject;
			attributes = {
				LastSwiftUpdateCheck = 0920;
				LastUpgradeCheck = 0920;
				ORGANIZATIONNAME = sp_ssekamatte;
				TargetAttributes = {
					A4058F94200F329E009237A9 = {
						CreatedOnToolsVersion = 9.2;
						ProvisioningStyle = Automatic;
					};
				};
			};
			buildConfigurationList = A4058F90200F329D009237A9 /* Build configuration list for PBXProject "favorite-movie-app" */;
			compatibilityVersion = "Xcode 8.0";
			developmentRegion = en;
			hasScannedForEncodings = 0;
			knownRegions = (
				en,
				Base,
			);
			mainGroup = A4058F8C200F329D009237A9;
			productRefGroup = A4058F96200F329E009237A9 /* Products */;
			projectDirPath = "";
			projectRoot = "";
			targets = (
				A4058F94200F329E009237A9 /* favorite-movie-app */,
			);
		};
/* End PBXProject section */

/* Begin PBXResourcesBuildPhase section */
		A4058F93200F329E009237A9 /* Resources */ = {
			isa = PBXResourcesBuildPhase;
			buildActionMask = 2147483647;
			files = (
				A4058FA3200F329E009237A9 /* LaunchScreen.storyboard in Resources */,
				A4058FA0200F329E009237A9 /* Assets.xcassets in Resources */,
				A4058F9E200F329E009237A9 /* Main.storyboard in Resources */,
			);
			runOnlyForDeploymentPostprocessing = 0;
		};
/* End PBXResourcesBuildPhase section */

/* Begin PBXSourcesBuildPhase section */
		A4058F91200F329E009237A9 /* Sources */ = {
			isa = PBXSourcesBuildPhase;
			buildActionMask = 2147483647;
			files = (
				A4058FAF2011E910009237A9 /* SearchViewController.swift in Sources */,
				A4058FAB200F7851009237A9 /* CustomTableViewCell.swift in Sources */,
				A46F7DAA2016094100F3BF40 /* JSONParser.swift in Sources */,
				A4058F9B200F329E009237A9 /* ViewController.swift in Sources */,
				A4058FAD20107B07009237A9 /* Movie.swift in Sources */,
				A46F7DAC20160EC300F3BF40 /* MovieDataProcessor.swift in Sources */,
				A46F7DA82015F7AE00F3BF40 /* HTTPHandler.swift in Sources */,
				A4058F99200F329E009237A9 /* AppDelegate.swift in Sources */,
			);
			runOnlyForDeploymentPostprocessing = 0;
		};
/* End PBXSourcesBuildPhase section */

/* Begin PBXVariantGroup section */
		A4058F9C200F329E009237A9 /* Main.storyboard */ = {
			isa = PBXVariantGroup;
			children = (
				A4058F9D200F329E009237A9 /* Base */,
			);
			name = Main.storyboard;
			sourceTree = "<group>";
		};
		A4058FA1200F329E009237A9 /* LaunchScreen.storyboard */ = {
			isa = PBXVariantGroup;
			children = (
				A4058FA2200F329E009237A9 /* Base */,
			);
			name = LaunchScreen.storyboard;
			sourceTree = "<group>";
		};
/* End PBXVariantGroup section */

/* Begin XCBuildConfiguration section */
		A4058FA5200F329E009237A9 /* Debug */ = {
			isa = XCBuildConfiguration;
			buildSettings = {
				ALWAYS_SEARCH_USER_PATHS = NO;
				CLANG_ANALYZER_NONNULL = YES;
				CLANG_ANALYZER_NUMBER_OBJECT_CONVERSION = YES_AGGRESSIVE;
				CLANG_CXX_LANGUAGE_STANDARD = "gnu++14";
				CLANG_CXX_LIBRARY = "libc++";
				CLANG_ENABLE_MODULES = YES;
				CLANG_ENABLE_OBJC_ARC = YES;
				CLANG_WARN_BLOCK_CAPTURE_AUTORELEASING = YES;
				CLANG_WARN_BOOL_CONVERSION = YES;
				CLANG_WARN_COMMA = YES;
				CLANG_WARN_CONSTANT_CONVERSION = YES;
				CLANG_WARN_DIRECT_OBJC_ISA_USAGE = YES_ERROR;
				CLANG_WARN_DOCUMENTATION_COMMENTS = YES;
				CLANG_WARN_EMPTY_BODY = YES;
				CLANG_WARN_ENUM_CONVERSION = YES;
				CLANG_WARN_INFINITE_RECURSION = YES;
				CLANG_WARN_INT_CONVERSION = YES;
				CLANG_WARN_NON_LITERAL_NULL_CONVERSION = YES;
				CLANG_WARN_OBJC_LITERAL_CONVERSION = YES;
				CLANG_WARN_OBJC_ROOT_CLASS = YES_ERROR;
				CLANG_WARN_RANGE_LOOP_ANALYSIS = YES;
				CLANG_WARN_STRICT_PROTOTYPES = YES;
				CLANG_WARN_SUSPICIOUS_MOVE = YES;
				CLANG_WARN_UNGUARDED_AVAILABILITY = YES_AGGRESSIVE;
				CLANG_WARN_UNREACHABLE_CODE = YES;
				CLANG_WARN__DUPLICATE_METHOD_MATCH = YES;
				CODE_SIGN_IDENTITY = "iPhone Developer";
				COPY_PHASE_STRIP = NO;
				DEBUG_INFORMATION_FORMAT = dwarf;
				ENABLE_STRICT_OBJC_MSGSEND = YES;
				ENABLE_TESTABILITY = YES;
				GCC_C_LANGUAGE_STANDARD = gnu11;
				GCC_DYNAMIC_NO_PIC = NO;
				GCC_NO_COMMON_BLOCKS = YES;
				GCC_OPTIMIZATION_LEVEL = 0;
				GCC_PREPROCESSOR_DEFINITIONS = (
					"DEBUG=1",
					"$(inherited)",
				);
				GCC_WARN_64_TO_32_BIT_CONVERSION = YES;
				GCC_WARN_ABOUT_RETURN_TYPE = YES_ERROR;
				GCC_WARN_UNDECLARED_SELECTOR = YES;
				GCC_WARN_UNINITIALIZED_AUTOS = YES_AGGRESSIVE;
				GCC_WARN_UNUSED_FUNCTION = YES;
				GCC_WARN_UNUSED_VARIABLE = YES;
				IPHONEOS_DEPLOYMENT_TARGET = 11.2;
				MTL_ENABLE_DEBUG_INFO = YES;
				ONLY_ACTIVE_ARCH = YES;
				SDKROOT = iphoneos;
				SWIFT_ACTIVE_COMPILATION_CONDITIONS = DEBUG;
				SWIFT_OPTIMIZATION_LEVEL = "-Onone";
			};
			name = Debug;
		};
		A4058FA6200F329E009237A9 /* Release */ = {
			isa = XCBuildConfiguration;
			buildSettings = {
				ALWAYS_SEARCH_USER_PATHS = NO;
				CLANG_ANALYZER_NONNULL = YES;
				CLANG_ANALYZER_NUMBER_OBJECT_CONVERSION = YES_AGGRESSIVE;
				CLANG_CXX_LANGUAGE_STANDARD = "gnu++14";
				CLANG_CXX_LIBRARY = "libc++";
				CLANG_ENABLE_MODULES = YES;
				CLANG_ENABLE_OBJC_ARC = YES;
				CLANG_WARN_BLOCK_CAPTURE_AUTORELEASING = YES;
				CLANG_WARN_BOOL_CONVERSION = YES;
				CLANG_WARN_COMMA = YES;
				CLANG_WARN_CONSTANT_CONVERSION = YES;
				CLANG_WARN_DIRECT_OBJC_ISA_USAGE = YES_ERROR;
				CLANG_WARN_DOCUMENTATION_COMMENTS = YES;
				CLANG_WARN_EMPTY_BODY = YES;
				CLANG_WARN_ENUM_CONVERSION = YES;
				CLANG_WARN_INFINITE_RECURSION = YES;
				CLANG_WARN_INT_CONVERSION = YES;
				CLANG_WARN_NON_LITERAL_NULL_CONVERSION = YES;
				CLANG_WARN_OBJC_LITERAL_CONVERSION = YES;
				CLANG_WARN_OBJC_ROOT_CLASS = YES_ERROR;
				CLANG_WARN_RANGE_LOOP_ANALYSIS = YES;
				CLANG_WARN_STRICT_PROTOTYPES = YES;
				CLANG_WARN_SUSPICIOUS_MOVE = YES;
				CLANG_WARN_UNGUARDED_AVAILABILITY = YES_AGGRESSIVE;
				CLANG_WARN_UNREACHABLE_CODE = YES;
				CLANG_WARN__DUPLICATE_METHOD_MATCH = YES;
				CODE_SIGN_IDENTITY = "iPhone Developer";
				COPY_PHASE_STRIP = NO;
				DEBUG_INFORMATION_FORMAT = "dwarf-with-dsym";
				ENABLE_NS_ASSERTIONS = NO;
				ENABLE_STRICT_OBJC_MSGSEND = YES;
				GCC_C_LANGUAGE_STANDARD = gnu11;
				GCC_NO_COMMON_BLOCKS = YES;
				GCC_WARN_64_TO_32_BIT_CONVERSION = YES;
				GCC_WARN_ABOUT_RETURN_TYPE = YES_ERROR;
				GCC_WARN_UNDECLARED_SELECTOR = YES;
				GCC_WARN_UNINITIALIZED_AUTOS = YES_AGGRESSIVE;
				GCC_WARN_UNUSED_FUNCTION = YES;
				GCC_WARN_UNUSED_VARIABLE = YES;
				IPHONEOS_DEPLOYMENT_TARGET = 11.2;
				MTL_ENABLE_DEBUG_INFO = NO;
				SDKROOT = iphoneos;
				SWIFT_OPTIMIZATION_LEVEL = "-Owholemodule";
				VALIDATE_PRODUCT = YES;
			};
			name = Release;
		};
		A4058FA8200F329E009237A9 /* Debug */ = {
			isa = XCBuildConfiguration;
			buildSettings = {
				ASSETCATALOG_COMPILER_APPICON_NAME = AppIcon;
				CODE_SIGN_STYLE = Automatic;
				DEVELOPMENT_TEAM = 877ATE2M2T;
				INFOPLIST_FILE = "favorite-movie-app/Info.plist";
				LD_RUNPATH_SEARCH_PATHS = "$(inherited) @executable_path/Frameworks";
				PRODUCT_BUNDLE_IDENTIFIER = "com.favorite-movie-app";
				PRODUCT_NAME = "$(TARGET_NAME)";
				SWIFT_VERSION = 4.0;
				TARGETED_DEVICE_FAMILY = "1,2";
			};
			name = Debug;
		};
		A4058FA9200F329E009237A9 /* Release */ = {
			isa = XCBuildConfiguration;
			buildSettings = {
				ASSETCATALOG_COMPILER_APPICON_NAME = AppIcon;
				CODE_SIGN_STYLE = Automatic;
				DEVELOPMENT_TEAM = 877ATE2M2T;
				INFOPLIST_FILE = "favorite-movie-app/Info.plist";
				LD_RUNPATH_SEARCH_PATHS = "$(inherited) @executable_path/Frameworks";
				PRODUCT_BUNDLE_IDENTIFIER = "com.favorite-movie-app";
				PRODUCT_NAME = "$(TARGET_NAME)";
				SWIFT_VERSION = 4.0;
				TARGETED_DEVICE_FAMILY = "1,2";
			};
			name = Release;
		};
/* End XCBuildConfiguration section */

/* Begin XCConfigurationList section */
		A4058F90200F329D009237A9 /* Build configuration list for PBXProject "favorite-movie-app" */ = {
			isa = XCConfigurationList;
			buildConfigurations = (
				A4058FA5200F329E009237A9 /* Debug */,
				A4058FA6200F329E009237A9 /* Release */,
			);
			defaultConfigurationIsVisible = 0;
			defaultConfigurationName = Release;
		};
		A4058FA7200F329E009237A9 /* Build configuration list for PBXNativeTarget "favorite-movie-app" */ = {
			isa = XCConfigurationList;
			buildConfigurations = (
				A4058FA8200F329E009237A9 /* Debug */,
				A4058FA9200F329E009237A9 /* Release */,
			);
			defaultConfigurationIsVisible = 0;
			defaultConfigurationName = Release;
		};
/* End XCConfigurationList section */
	};
	rootObject = A4058F8D200F329D009237A9 /* Project object */;
}
